
Microsoft Visual Studio Solution File, Format Version 12.00
# Visual Studio Version 17
VisualStudioVersion = 17.8.34330.188
MinimumVisualStudioVersion = 10.0.40219.1
Project("{FAE04EC0-301F-11D3-BF4B-00C04F79EFBC}") = "HospitalAPI", "HospitalAPI\HospitalAPI.csproj", "{D6B352FF-9902-42AA-8023-551A685E7D6A}"
EndProject
Global
	GlobalSection(SolutionConfigurationPlatforms) = preSolution
		Debug|Any CPU = Debug|Any CPU
		Release|Any CPU = Release|Any CPU
	EndGlobalSection
	GlobalSection(ProjectConfigurationPlatforms) = postSolution
		{D6B352FF-9902-42AA-8023-551A685E7D6A}.Debug|Any CPU.ActiveCfg = Debug|Any CPU
		{D6B352FF-9902-42AA-8023-551A685E7D6A}.Debug|Any CPU.Build.0 = Debug|Any CPU
		{D6B352FF-9902-42AA-8023-551A685E7D6A}.Release|Any CPU.ActiveCfg = Release|Any CPU
		{D6B352FF-9902-42AA-8023-551A685E7D6A}.Release|Any CPU.Build.0 = Release|Any CPU
	EndGlobalSection
	GlobalSection(SolutionProperties) = preSolution
		HideSolutionNode = FALSE
	EndGlobalSection
	GlobalSection(ExtensibilityGlobals) = postSolution
		SolutionGuid = {7187AA10-685B-4389-BB0D-10B5A4C13E2E}
	EndGlobalSection
EndGlobal
